
Microsoft Visual Studio Solution File, Format Version 12.00
# Visual Studio Version 17
VisualStudioVersion = 17.4.33213.308
MinimumVisualStudioVersion = 10.0.40219.1
Project("{888888A0-9F3D-457C-B088-3A5042F75D52}") = "DominiqueS_BubbleSort_Integers", "DominiqueS_BubbleSort_Integers\DominiqueS_BubbleSort_Integers.pyproj", "{F47D4A17-ED4F-4BE9-A294-14325BCF66CD}"
EndProject
Global
	GlobalSection(SolutionConfigurationPlatforms) = preSolution
		Debug|Any CPU = Debug|Any CPU
		Release|Any CPU = Release|Any CPU
	EndGlobalSection
	GlobalSection(ProjectConfigurationPlatforms) = postSolution
		{F47D4A17-ED4F-4BE9-A294-14325BCF66CD}.Debug|Any CPU.ActiveCfg = Debug|Any CPU
		{F47D4A17-ED4F-4BE9-A294-14325BCF66CD}.Release|Any CPU.ActiveCfg = Release|Any CPU
	EndGlobalSection
	GlobalSection(SolutionProperties) = preSolution
		HideSolutionNode = FALSE
	EndGlobalSection
	GlobalSection(ExtensibilityGlobals) = postSolution
		SolutionGuid = {64557681-122A-4FB5-8063-8D968689F05D}
	EndGlobalSection
EndGlobal
